// !$*UTF8*$!
{
	archiveVersion = 1;
	classes = {
	};
	objectVersion = 46;
	objects = {

/* Begin PBXBuildFile section */
		2807F1AB1750076B00D0B532 /* bar_grey.png in Resources */ = {isa = PBXBuildFile; fileRef = 2807F1A91750076B00D0B532 /* bar_grey.png */; };
		2807F1B117500BF000D0B532 /* general_button.png in Resources */ = {isa = PBXBuildFile; fileRef = 2807F1AE17500BF000D0B532 /* general_button.png */; };
		2807F1BB1750167500D0B532 /* bg_pttrn1.png in Resources */ = {isa = PBXBuildFile; fileRef = 2807F1BA1750167500D0B532 /* bg_pttrn1.png */; };
		2807F1BF17503E2A00D0B532 /* switch_off.png in Resources */ = {isa = PBXBuildFile; fileRef = 2807F1BC17503E2A00D0B532 /* switch_off.png */; };
		2807F1C017503E2A00D0B532 /* switch_on.png in Resources */ = {isa = PBXBuildFile; fileRef = 2807F1BD17503E2A00D0B532 /* switch_on.png */; };
		280E87CF1725D38900A152DD /* UIKit.framework in Frameworks */ = {isa = PBXBuildFile; fileRef = 280E87CE1725D38900A152DD /* UIKit.framework */; };
		280E87D11725D38900A152DD /* Foundation.framework in Frameworks */ = {isa = PBXBuildFile; fileRef = 280E87D01725D38900A152DD /* Foundation.framework */; };
		280E87D31725D38900A152DD /* CoreGraphics.framework in Frameworks */ = {isa = PBXBuildFile; fileRef = 280E87D21725D38900A152DD /* CoreGraphics.framework */; };
		280E87D91725D38900A152DD /* InfoPlist.strings in Resources */ = {isa = PBXBuildFile; fileRef = 280E87D71725D38900A152DD /* InfoPlist.strings */; };
		280E87DB1725D38900A152DD /* main.m in Sources */ = {isa = PBXBuildFile; fileRef = 280E87DA1725D38900A152DD /* main.m */; };
		280E87DF1725D38900A152DD /* RMAppDelegate.m in Sources */ = {isa = PBXBuildFile; fileRef = 280E87DE1725D38900A152DD /* RMAppDelegate.m */; };
		280E87E81725D38900A152DD /* RMViewController.m in Sources */ = {isa = PBXBuildFile; fileRef = 280E87E71725D38900A152DD /* RMViewController.m */; };
		280E87EB1725D38900A152DD /* RMViewController.xib in Resources */ = {isa = PBXBuildFile; fileRef = 280E87E91725D38900A152DD /* RMViewController.xib */; };
		280E87F91725DBF600A152DD /* MapKit.framework in Frameworks */ = {isa = PBXBuildFile; fileRef = 280E87F81725DBF600A152DD /* MapKit.framework */; };
		2815CD561730486200AC25C1 /* RMFacebookSDK.m in Sources */ = {isa = PBXBuildFile; fileRef = 2815CD551730486200AC25C1 /* RMFacebookSDK.m */; };
		282F774117554120001EEEDA /* QuartzCore.framework in Frameworks */ = {isa = PBXBuildFile; fileRef = 282F774017554120001EEEDA /* QuartzCore.framework */; };
		282F77451755457B001EEEDA /* vichy.png in Resources */ = {isa = PBXBuildFile; fileRef = 282F77441755457B001EEEDA /* vichy.png */; };
		282F77471755459B001EEEDA /* purty_wood.png in Resources */ = {isa = PBXBuildFile; fileRef = 282F77461755459B001EEEDA /* purty_wood.png */; };
		282F77491755A394001EEEDA /* dark_wood.png in Resources */ = {isa = PBXBuildFile; fileRef = 282F77481755A394001EEEDA /* dark_wood.png */; };
		282F774B1755A47F001EEEDA /* tileable_wood_texture.png in Resources */ = {isa = PBXBuildFile; fileRef = 282F774A1755A47E001EEEDA /* tileable_wood_texture.png */; };
		28513F1F1754534A00157438 /* RMInstaDetailViewController.m in Sources */ = {isa = PBXBuildFile; fileRef = 28513F1D1754534800157438 /* RMInstaDetailViewController.m */; };
		28513F201754534A00157438 /* RMInstaDetailViewController.xib in Resources */ = {isa = PBXBuildFile; fileRef = 28513F1E1754534900157438 /* RMInstaDetailViewController.xib */; };
		2890AA661756C42E00B9E182 /* RMFSDetailViewController.m in Sources */ = {isa = PBXBuildFile; fileRef = 2890AA641756C42E00B9E182 /* RMFSDetailViewController.m */; };
		2890AA671756C42E00B9E182 /* RMFSDetailViewController.xib in Resources */ = {isa = PBXBuildFile; fileRef = 2890AA651756C42E00B9E182 /* RMFSDetailViewController.xib */; };
		2890AA6A1756D01000B9E182 /* MBProgressHUD.m in Sources */ = {isa = PBXBuildFile; fileRef = 2890AA691756D00F00B9E182 /* MBProgressHUD.m */; };
		2890AA6D1756D32900B9E182 /* 37x-Checkmark.png in Resources */ = {isa = PBXBuildFile; fileRef = 2890AA6B1756D32800B9E182 /* 37x-Checkmark.png */; };
		2890AA6E1756D32900B9E182 /* 37x-Checkmark@2x.png in Resources */ = {isa = PBXBuildFile; fileRef = 2890AA6C1756D32900B9E182 /* 37x-Checkmark@2x.png */; };
		AA2DA26E174AC4CD00B9438B /* RMSettingsViewController.m in Sources */ = {isa = PBXBuildFile; fileRef = AA2DA26C174AC4CD00B9438B /* RMSettingsViewController.m */; };
		AA2DA26F174AC4CD00B9438B /* RMSettingsViewController.xib in Resources */ = {isa = PBXBuildFile; fileRef = AA2DA26D174AC4CD00B9438B /* RMSettingsViewController.xib */; };
		AA5064EA175409410035A224 /* facePinWhite.png in Resources */ = {isa = PBXBuildFile; fileRef = AA5064E9175409410035A224 /* facePinWhite.png */; };
		AA5064EF1754095F0035A224 /* fourPin.png in Resources */ = {isa = PBXBuildFile; fileRef = AA5064EB1754095F0035A224 /* fourPin.png */; };
		AA5064F01754095F0035A224 /* instaPin.png in Resources */ = {isa = PBXBuildFile; fileRef = AA5064EC1754095F0035A224 /* instaPin.png */; };
		AA5064F11754095F0035A224 /* twitterPin.png in Resources */ = {isa = PBXBuildFile; fileRef = AA5064ED1754095F0035A224 /* twitterPin.png */; };
		AA5064F21754095F0035A224 /* yelpPin.png in Resources */ = {isa = PBXBuildFile; fileRef = AA5064EE1754095F0035A224 /* yelpPin.png */; };
		AA7392C7175563780075FA56 /* Default.png in Resources */ = {isa = PBXBuildFile; fileRef = AA7392C6175563780075FA56 /* Default.png */; };
		AA7392C91755637E0075FA56 /* Default@2x.png in Resources */ = {isa = PBXBuildFile; fileRef = AA7392C81755637E0075FA56 /* Default@2x.png */; };
		AA7392CB175563800075FA56 /* Default-568h@2x.png in Resources */ = {isa = PBXBuildFile; fileRef = AA7392CA175563800075FA56 /* Default-568h@2x.png */; };
		AA7392CD175566990075FA56 /* Icono.png in Resources */ = {isa = PBXBuildFile; fileRef = AA7392CC175566990075FA56 /* Icono.png */; };
		AA7392CF1755669D0075FA56 /* Icono@2x.png in Resources */ = {isa = PBXBuildFile; fileRef = AA7392CE1755669D0075FA56 /* Icono@2x.png */; };
		AAACB54717287DC30088B73D /* RMTwitterSDK.m in Sources */ = {isa = PBXBuildFile; fileRef = AAACB54617287DC30088B73D /* RMTwitterSDK.m */; };
		AAD5D3AC1756E18E002C4B40 /* Powered_By_Yelp_White.png in Resources */ = {isa = PBXBuildFile; fileRef = AAD5D3AB1756E18E002C4B40 /* Powered_By_Yelp_White.png */; };
		AAD5D3B01756E1CF002C4B40 /* poweredByFoursquare_white.png in Resources */ = {isa = PBXBuildFile; fileRef = AAD5D3AF1756E1CF002C4B40 /* poweredByFoursquare_white.png */; };
		AAF2A9B01725F85B00B48D7F /* RMMapViewAnnotation.m in Sources */ = {isa = PBXBuildFile; fileRef = AAF2A9AF1725F85B00B48D7F /* RMMapViewAnnotation.m */; };
		AAFE6924174D8890009FE228 /* CoreLocation.framework in Frameworks */ = {isa = PBXBuildFile; fileRef = AAFE6923174D8890009FE228 /* CoreLocation.framework */; };
		EE38B2F0324B4196867411CB /* libPods.a in Frameworks */ = {isa = PBXBuildFile; fileRef = 7BE394D772714CD69142F29A /* libPods.a */; };
/* End PBXBuildFile section */

/* Begin PBXFileReference section */
		2807F1A91750076B00D0B532 /* bar_grey.png */ = {isa = PBXFileReference; lastKnownFileType = image.png; path = bar_grey.png; sourceTree = "<group>"; };
		2807F1AE17500BF000D0B532 /* general_button.png */ = {isa = PBXFileReference; lastKnownFileType = image.png; path = general_button.png; sourceTree = "<group>"; };
		2807F1BA1750167500D0B532 /* bg_pttrn1.png */ = {isa = PBXFileReference; lastKnownFileType = image.png; path = bg_pttrn1.png; sourceTree = "<group>"; };
		2807F1BC17503E2A00D0B532 /* switch_off.png */ = {isa = PBXFileReference; lastKnownFileType = image.png; path = switch_off.png; sourceTree = "<group>"; };
		2807F1BD17503E2A00D0B532 /* switch_on.png */ = {isa = PBXFileReference; lastKnownFileType = image.png; path = switch_on.png; sourceTree = "<group>"; };
		280E87CA1725D38900A152DD /* NearStuffMap.app */ = {isa = PBXFileReference; explicitFileType = wrapper.application; includeInIndex = 0; path = NearStuffMap.app; sourceTree = BUILT_PRODUCTS_DIR; };
		280E87CE1725D38900A152DD /* UIKit.framework */ = {isa = PBXFileReference; lastKnownFileType = wrapper.framework; name = UIKit.framework; path = System/Library/Frameworks/UIKit.framework; sourceTree = SDKROOT; };
		280E87D01725D38900A152DD /* Foundation.framework */ = {isa = PBXFileReference; lastKnownFileType = wrapper.framework; name = Foundation.framework; path = System/Library/Frameworks/Foundation.framework; sourceTree = SDKROOT; };
		280E87D21725D38900A152DD /* CoreGraphics.framework */ = {isa = PBXFileReference; lastKnownFileType = wrapper.framework; name = CoreGraphics.framework; path = System/Library/Frameworks/CoreGraphics.framework; sourceTree = SDKROOT; };
		280E87D61725D38900A152DD /* NearStuffMap-Info.plist */ = {isa = PBXFileReference; lastKnownFileType = text.plist.xml; path = "NearStuffMap-Info.plist"; sourceTree = "<group>"; };
		280E87D81725D38900A152DD /* en */ = {isa = PBXFileReference; lastKnownFileType = text.plist.strings; name = en; path = en.lproj/InfoPlist.strings; sourceTree = "<group>"; };
		280E87DA1725D38900A152DD /* main.m */ = {isa = PBXFileReference; lastKnownFileType = sourcecode.c.objc; path = main.m; sourceTree = "<group>"; };
		280E87DC1725D38900A152DD /* NearStuffMap-Prefix.pch */ = {isa = PBXFileReference; lastKnownFileType = sourcecode.c.h; path = "NearStuffMap-Prefix.pch"; sourceTree = "<group>"; };
		280E87DD1725D38900A152DD /* RMAppDelegate.h */ = {isa = PBXFileReference; lastKnownFileType = sourcecode.c.h; path = RMAppDelegate.h; sourceTree = "<group>"; };
		280E87DE1725D38900A152DD /* RMAppDelegate.m */ = {isa = PBXFileReference; lastKnownFileType = sourcecode.c.objc; path = RMAppDelegate.m; sourceTree = "<group>"; };
		280E87E61725D38900A152DD /* RMViewController.h */ = {isa = PBXFileReference; lastKnownFileType = sourcecode.c.h; path = RMViewController.h; sourceTree = "<group>"; };
		280E87E71725D38900A152DD /* RMViewController.m */ = {isa = PBXFileReference; lastKnownFileType = sourcecode.c.objc; path = RMViewController.m; sourceTree = "<group>"; };
		280E87EA1725D38900A152DD /* en */ = {isa = PBXFileReference; lastKnownFileType = file.xib; name = en; path = en.lproj/RMViewController.xib; sourceTree = "<group>"; };
		280E87F81725DBF600A152DD /* MapKit.framework */ = {isa = PBXFileReference; lastKnownFileType = wrapper.framework; name = MapKit.framework; path = System/Library/Frameworks/MapKit.framework; sourceTree = SDKROOT; };
		2815CD541730486200AC25C1 /* RMFacebookSDK.h */ = {isa = PBXFileReference; fileEncoding = 4; lastKnownFileType = sourcecode.c.h; path = RMFacebookSDK.h; sourceTree = "<group>"; };
		2815CD551730486200AC25C1 /* RMFacebookSDK.m */ = {isa = PBXFileReference; fileEncoding = 4; lastKnownFileType = sourcecode.c.objc; path = RMFacebookSDK.m; sourceTree = "<group>"; };
		282F774017554120001EEEDA /* QuartzCore.framework */ = {isa = PBXFileReference; lastKnownFileType = wrapper.framework; name = QuartzCore.framework; path = System/Library/Frameworks/QuartzCore.framework; sourceTree = SDKROOT; };
		282F77441755457B001EEEDA /* vichy.png */ = {isa = PBXFileReference; lastKnownFileType = image.png; path = vichy.png; sourceTree = "<group>"; };
		282F77461755459B001EEEDA /* purty_wood.png */ = {isa = PBXFileReference; lastKnownFileType = image.png; path = purty_wood.png; sourceTree = "<group>"; };
		282F77481755A394001EEEDA /* dark_wood.png */ = {isa = PBXFileReference; lastKnownFileType = image.png; path = dark_wood.png; sourceTree = "<group>"; };
		282F774A1755A47E001EEEDA /* tileable_wood_texture.png */ = {isa = PBXFileReference; lastKnownFileType = image.png; path = tileable_wood_texture.png; sourceTree = "<group>"; };
		28513F1C1754534600157438 /* RMInstaDetailViewController.h */ = {isa = PBXFileReference; fileEncoding = 4; lastKnownFileType = sourcecode.c.h; path = RMInstaDetailViewController.h; sourceTree = "<group>"; };
		28513F1D1754534800157438 /* RMInstaDetailViewController.m */ = {isa = PBXFileReference; fileEncoding = 4; lastKnownFileType = sourcecode.c.objc; path = RMInstaDetailViewController.m; sourceTree = "<group>"; };
		28513F1E1754534900157438 /* RMInstaDetailViewController.xib */ = {isa = PBXFileReference; fileEncoding = 4; lastKnownFileType = file.xib; path = RMInstaDetailViewController.xib; sourceTree = "<group>"; };
		2890AA631756C42D00B9E182 /* RMFSDetailViewController.h */ = {isa = PBXFileReference; fileEncoding = 4; lastKnownFileType = sourcecode.c.h; path = RMFSDetailViewController.h; sourceTree = "<group>"; };
		2890AA641756C42E00B9E182 /* RMFSDetailViewController.m */ = {isa = PBXFileReference; fileEncoding = 4; lastKnownFileType = sourcecode.c.objc; path = RMFSDetailViewController.m; sourceTree = "<group>"; };
		2890AA651756C42E00B9E182 /* RMFSDetailViewController.xib */ = {isa = PBXFileReference; fileEncoding = 4; lastKnownFileType = file.xib; path = RMFSDetailViewController.xib; sourceTree = "<group>"; };
		2890AA681756D00F00B9E182 /* MBProgressHUD.h */ = {isa = PBXFileReference; fileEncoding = 4; lastKnownFileType = sourcecode.c.h; path = MBProgressHUD.h; sourceTree = "<group>"; };
		2890AA691756D00F00B9E182 /* MBProgressHUD.m */ = {isa = PBXFileReference; fileEncoding = 4; lastKnownFileType = sourcecode.c.objc; path = MBProgressHUD.m; sourceTree = "<group>"; };
		2890AA6B1756D32800B9E182 /* 37x-Checkmark.png */ = {isa = PBXFileReference; lastKnownFileType = image.png; path = "37x-Checkmark.png"; sourceTree = "<group>"; };
		2890AA6C1756D32900B9E182 /* 37x-Checkmark@2x.png */ = {isa = PBXFileReference; lastKnownFileType = image.png; path = "37x-Checkmark@2x.png"; sourceTree = "<group>"; };
		7BE394D772714CD69142F29A /* libPods.a */ = {isa = PBXFileReference; explicitFileType = archive.ar; includeInIndex = 0; path = libPods.a; sourceTree = BUILT_PRODUCTS_DIR; };
		A649A159EDC24B0BA1886337 /* Pods.xcconfig */ = {isa = PBXFileReference; includeInIndex = 1; lastKnownFileType = text.xcconfig; name = Pods.xcconfig; path = Pods/Pods.xcconfig; sourceTree = SOURCE_ROOT; };
		AA2DA26B174AC4CD00B9438B /* RMSettingsViewController.h */ = {isa = PBXFileReference; fileEncoding = 4; lastKnownFileType = sourcecode.c.h; path = RMSettingsViewController.h; sourceTree = "<group>"; };
		AA2DA26C174AC4CD00B9438B /* RMSettingsViewController.m */ = {isa = PBXFileReference; fileEncoding = 4; lastKnownFileType = sourcecode.c.objc; path = RMSettingsViewController.m; sourceTree = "<group>"; };
		AA2DA26D174AC4CD00B9438B /* RMSettingsViewController.xib */ = {isa = PBXFileReference; fileEncoding = 4; lastKnownFileType = file.xib; path = RMSettingsViewController.xib; sourceTree = "<group>"; };
		AA5064E9175409410035A224 /* facePinWhite.png */ = {isa = PBXFileReference; lastKnownFileType = image.png; path = facePinWhite.png; sourceTree = "<group>"; };
		AA5064EB1754095F0035A224 /* fourPin.png */ = {isa = PBXFileReference; lastKnownFileType = image.png; path = fourPin.png; sourceTree = "<group>"; };
		AA5064EC1754095F0035A224 /* instaPin.png */ = {isa = PBXFileReference; lastKnownFileType = image.png; path = instaPin.png; sourceTree = "<group>"; };
		AA5064ED1754095F0035A224 /* twitterPin.png */ = {isa = PBXFileReference; lastKnownFileType = image.png; path = twitterPin.png; sourceTree = "<group>"; };
		AA5064EE1754095F0035A224 /* yelpPin.png */ = {isa = PBXFileReference; lastKnownFileType = image.png; path = yelpPin.png; sourceTree = "<group>"; };
		AA7392C6175563780075FA56 /* Default.png */ = {isa = PBXFileReference; lastKnownFileType = image.png; path = Default.png; sourceTree = "<group>"; };
		AA7392C81755637E0075FA56 /* Default@2x.png */ = {isa = PBXFileReference; lastKnownFileType = image.png; path = "Default@2x.png"; sourceTree = "<group>"; };
		AA7392CA175563800075FA56 /* Default-568h@2x.png */ = {isa = PBXFileReference; lastKnownFileType = image.png; path = "Default-568h@2x.png"; sourceTree = "<group>"; };
		AA7392CC175566990075FA56 /* Icono.png */ = {isa = PBXFileReference; lastKnownFileType = image.png; path = Icono.png; sourceTree = "<group>"; };
		AA7392CE1755669D0075FA56 /* Icono@2x.png */ = {isa = PBXFileReference; lastKnownFileType = image.png; path = "Icono@2x.png"; sourceTree = "<group>"; };
		AAACB54517287DC30088B73D /* RMTwitterSDK.h */ = {isa = PBXFileReference; fileEncoding = 4; lastKnownFileType = sourcecode.c.h; path = RMTwitterSDK.h; sourceTree = "<group>"; };
		AAACB54617287DC30088B73D /* RMTwitterSDK.m */ = {isa = PBXFileReference; fileEncoding = 4; lastKnownFileType = sourcecode.c.objc; path = RMTwitterSDK.m; sourceTree = "<group>"; };
		AAD5D3AB1756E18E002C4B40 /* Powered_By_Yelp_White.png */ = {isa = PBXFileReference; lastKnownFileType = image.png; path = Powered_By_Yelp_White.png; sourceTree = "<group>"; };
		AAD5D3AF1756E1CF002C4B40 /* poweredByFoursquare_white.png */ = {isa = PBXFileReference; lastKnownFileType = image.png; path = poweredByFoursquare_white.png; sourceTree = "<group>"; };
		AAF2A9AE1725F85B00B48D7F /* RMMapViewAnnotation.h */ = {isa = PBXFileReference; fileEncoding = 4; lastKnownFileType = sourcecode.c.h; path = RMMapViewAnnotation.h; sourceTree = "<group>"; };
		AAF2A9AF1725F85B00B48D7F /* RMMapViewAnnotation.m */ = {isa = PBXFileReference; fileEncoding = 4; lastKnownFileType = sourcecode.c.objc; path = RMMapViewAnnotation.m; sourceTree = "<group>"; };
		AAFE6923174D8890009FE228 /* CoreLocation.framework */ = {isa = PBXFileReference; lastKnownFileType = wrapper.framework; name = CoreLocation.framework; path = System/Library/Frameworks/CoreLocation.framework; sourceTree = SDKROOT; };
/* End PBXFileReference section */

/* Begin PBXFrameworksBuildPhase section */
		280E87C71725D38900A152DD /* Frameworks */ = {
			isa = PBXFrameworksBuildPhase;
			buildActionMask = 2147483647;
			files = (
				282F774117554120001EEEDA /* QuartzCore.framework in Frameworks */,
				AAFE6924174D8890009FE228 /* CoreLocation.framework in Frameworks */,
				280E87F91725DBF600A152DD /* MapKit.framework in Frameworks */,
				280E87CF1725D38900A152DD /* UIKit.framework in Frameworks */,
				280E87D11725D38900A152DD /* Foundation.framework in Frameworks */,
				280E87D31725D38900A152DD /* CoreGraphics.framework in Frameworks */,
				EE38B2F0324B4196867411CB /* libPods.a in Frameworks */,
			);
			runOnlyForDeploymentPostprocessing = 0;
		};
/* End PBXFrameworksBuildPhase section */

/* Begin PBXGroup section */
		280E87BF1725D38900A152DD = {
			isa = PBXGroup;
			children = (
				AA7392CE1755669D0075FA56 /* Icono@2x.png */,
				AA7392CC175566990075FA56 /* Icono.png */,
				AA7392CA175563800075FA56 /* Default-568h@2x.png */,
				AA7392C81755637E0075FA56 /* Default@2x.png */,
				AA7392C6175563780075FA56 /* Default.png */,
				280E87D41725D38900A152DD /* NearStuffMap */,
				280E87CD1725D38900A152DD /* Frameworks */,
				280E87CB1725D38900A152DD /* Products */,
				A649A159EDC24B0BA1886337 /* Pods.xcconfig */,
			);
			sourceTree = "<group>";
		};
		280E87CB1725D38900A152DD /* Products */ = {
			isa = PBXGroup;
			children = (
				280E87CA1725D38900A152DD /* NearStuffMap.app */,
			);
			name = Products;
			sourceTree = "<group>";
		};
		280E87CD1725D38900A152DD /* Frameworks */ = {
			isa = PBXGroup;
			children = (
				282F774017554120001EEEDA /* QuartzCore.framework */,
				AAFE6923174D8890009FE228 /* CoreLocation.framework */,
				280E87F81725DBF600A152DD /* MapKit.framework */,
				280E87CE1725D38900A152DD /* UIKit.framework */,
				280E87D01725D38900A152DD /* Foundation.framework */,
				280E87D21725D38900A152DD /* CoreGraphics.framework */,
				7BE394D772714CD69142F29A /* libPods.a */,
			);
			name = Frameworks;
			sourceTree = "<group>";
		};
		280E87D41725D38900A152DD /* NearStuffMap */ = {
			isa = PBXGroup;
			children = (
				AAD5D3AB1756E18E002C4B40 /* Powered_By_Yelp_White.png */,
				AAD5D3AF1756E1CF002C4B40 /* poweredByFoursquare_white.png */,
				2890AA6B1756D32800B9E182 /* 37x-Checkmark.png */,
				2890AA6C1756D32900B9E182 /* 37x-Checkmark@2x.png */,
				AA5064E9175409410035A224 /* facePinWhite.png */,
				AA5064EB1754095F0035A224 /* fourPin.png */,
				AA5064EC1754095F0035A224 /* instaPin.png */,
				AA5064ED1754095F0035A224 /* twitterPin.png */,
				AA5064EE1754095F0035A224 /* yelpPin.png */,
				2807F1A91750076B00D0B532 /* bar_grey.png */,
				2807F1AE17500BF000D0B532 /* general_button.png */,
				2807F1BA1750167500D0B532 /* bg_pttrn1.png */,
				2807F1BC17503E2A00D0B532 /* switch_off.png */,
				2807F1BD17503E2A00D0B532 /* switch_on.png */,
				282F77441755457B001EEEDA /* vichy.png */,
				282F77461755459B001EEEDA /* purty_wood.png */,
				282F77481755A394001EEEDA /* dark_wood.png */,
				282F774A1755A47E001EEEDA /* tileable_wood_texture.png */,
				2890AA681756D00F00B9E182 /* MBProgressHUD.h */,
				2890AA691756D00F00B9E182 /* MBProgressHUD.m */,
				2815CD541730486200AC25C1 /* RMFacebookSDK.h */,
				2815CD551730486200AC25C1 /* RMFacebookSDK.m */,
				280E87DD1725D38900A152DD /* RMAppDelegate.h */,
				280E87DE1725D38900A152DD /* RMAppDelegate.m */,
				AAACB54517287DC30088B73D /* RMTwitterSDK.h */,
				AAACB54617287DC30088B73D /* RMTwitterSDK.m */,
				280E87E61725D38900A152DD /* RMViewController.h */,
				280E87E71725D38900A152DD /* RMViewController.m */,
				AA2DA26B174AC4CD00B9438B /* RMSettingsViewController.h */,
				AA2DA26C174AC4CD00B9438B /* RMSettingsViewController.m */,
				AAF2A9AE1725F85B00B48D7F /* RMMapViewAnnotation.h */,
				AAF2A9AF1725F85B00B48D7F /* RMMapViewAnnotation.m */,
				28513F1C1754534600157438 /* RMInstaDetailViewController.h */,
				28513F1D1754534800157438 /* RMInstaDetailViewController.m */,
				2890AA631756C42D00B9E182 /* RMFSDetailViewController.h */,
				2890AA641756C42E00B9E182 /* RMFSDetailViewController.m */,
				280E87E91725D38900A152DD /* RMViewController.xib */,
				AA2DA26D174AC4CD00B9438B /* RMSettingsViewController.xib */,
				28513F1E1754534900157438 /* RMInstaDetailViewController.xib */,
				2890AA651756C42E00B9E182 /* RMFSDetailViewController.xib */,
				280E87D51725D38900A152DD /* Supporting Files */,
			);
			path = NearStuffMap;
			sourceTree = "<group>";
		};
		280E87D51725D38900A152DD /* Supporting Files */ = {
			isa = PBXGroup;
			children = (
				280E87D61725D38900A152DD /* NearStuffMap-Info.plist */,
				280E87D71725D38900A152DD /* InfoPlist.strings */,
				280E87DA1725D38900A152DD /* main.m */,
				280E87DC1725D38900A152DD /* NearStuffMap-Prefix.pch */,
			);
			name = "Supporting Files";
			sourceTree = "<group>";
		};
/* End PBXGroup section */

/* Begin PBXNativeTarget section */
		280E87C91725D38900A152DD /* NearStuffMap */ = {
			isa = PBXNativeTarget;
			buildConfigurationList = 280E87EE1725D38900A152DD /* Build configuration list for PBXNativeTarget "NearStuffMap" */;
			buildPhases = (
				280E87C61725D38900A152DD /* Sources */,
				280E87C71725D38900A152DD /* Frameworks */,
				280E87C81725D38900A152DD /* Resources */,
				B4A73ADDE87D4461A74A8727 /* Copy Pods Resources */,
			);
			buildRules = (
			);
			dependencies = (
			);
			name = NearStuffMap;
			productName = NearStuffMap;
			productReference = 280E87CA1725D38900A152DD /* NearStuffMap.app */;
			productType = "com.apple.product-type.application";
		};
/* End PBXNativeTarget section */

/* Begin PBXProject section */
		280E87C11725D38900A152DD /* Project object */ = {
			isa = PBXProject;
			attributes = {
				CLASSPREFIX = RM;
				LastUpgradeCheck = 0450;
				ORGANIZATIONNAME = "Marco Graciano";
			};
			buildConfigurationList = 280E87C41725D38900A152DD /* Build configuration list for PBXProject "NearStuffMap" */;
			compatibilityVersion = "Xcode 3.2";
			developmentRegion = English;
			hasScannedForEncodings = 0;
			knownRegions = (
				en,
			);
			mainGroup = 280E87BF1725D38900A152DD;
			productRefGroup = 280E87CB1725D38900A152DD /* Products */;
			projectDirPath = "";
			projectRoot = "";
			targets = (
				280E87C91725D38900A152DD /* NearStuffMap */,
			);
		};
/* End PBXProject section */

/* Begin PBXResourcesBuildPhase section */
		280E87C81725D38900A152DD /* Resources */ = {
			isa = PBXResourcesBuildPhase;
			buildActionMask = 2147483647;
			files = (
				280E87D91725D38900A152DD /* InfoPlist.strings in Resources */,
				280E87EB1725D38900A152DD /* RMViewController.xib in Resources */,
				AA2DA26F174AC4CD00B9438B /* RMSettingsViewController.xib in Resources */,
				2807F1AB1750076B00D0B532 /* bar_grey.png in Resources */,
				2807F1B117500BF000D0B532 /* general_button.png in Resources */,
				2807F1BB1750167500D0B532 /* bg_pttrn1.png in Resources */,
				2807F1BF17503E2A00D0B532 /* switch_off.png in Resources */,
				2807F1C017503E2A00D0B532 /* switch_on.png in Resources */,
				AA5064EA175409410035A224 /* facePinWhite.png in Resources */,
				AA5064EF1754095F0035A224 /* fourPin.png in Resources */,
				AA5064F01754095F0035A224 /* instaPin.png in Resources */,
				AA5064F11754095F0035A224 /* twitterPin.png in Resources */,
				AA5064F21754095F0035A224 /* yelpPin.png in Resources */,
				28513F201754534A00157438 /* RMInstaDetailViewController.xib in Resources */,
				282F77451755457B001EEEDA /* vichy.png in Resources */,
				282F77471755459B001EEEDA /* purty_wood.png in Resources */,
				AA7392C7175563780075FA56 /* Default.png in Resources */,
				AA7392C91755637E0075FA56 /* Default@2x.png in Resources */,
				AA7392CB175563800075FA56 /* Default-568h@2x.png in Resources */,
				AA7392CD175566990075FA56 /* Icono.png in Resources */,
				AA7392CF1755669D0075FA56 /* Icono@2x.png in Resources */,
				282F77491755A394001EEEDA /* dark_wood.png in Resources */,
				282F774B1755A47F001EEEDA /* tileable_wood_texture.png in Resources */,
				2890AA671756C42E00B9E182 /* RMFSDetailViewController.xib in Resources */,
				2890AA6D1756D32900B9E182 /* 37x-Checkmark.png in Resources */,
				2890AA6E1756D32900B9E182 /* 37x-Checkmark@2x.png in Resources */,
				AAD5D3AC1756E18E002C4B40 /* Powered_By_Yelp_White.png in Resources */,
				AAD5D3B01756E1CF002C4B40 /* poweredByFoursquare_white.png in Resources */,
			);
			runOnlyForDeploymentPostprocessing = 0;
		};
/* End PBXResourcesBuildPhase section */

/* Begin PBXShellScriptBuildPhase section */
		B4A73ADDE87D4461A74A8727 /* Copy Pods Resources */ = {
			isa = PBXShellScriptBuildPhase;
			buildActionMask = 2147483647;
			files = (
			);
			inputPaths = (
			);
			name = "Copy Pods Resources";
			outputPaths = (
			);
			runOnlyForDeploymentPostprocessing = 0;
			shellPath = /bin/sh;
			shellScript = "\"${SRCROOT}/Pods/Pods-resources.sh\"\n";
		};
/* End PBXShellScriptBuildPhase section */

/* Begin PBXSourcesBuildPhase section */
		280E87C61725D38900A152DD /* Sources */ = {
			isa = PBXSourcesBuildPhase;
			buildActionMask = 2147483647;
			files = (
				280E87DB1725D38900A152DD /* main.m in Sources */,
				280E87DF1725D38900A152DD /* RMAppDelegate.m in Sources */,
				280E87E81725D38900A152DD /* RMViewController.m in Sources */,
				AAF2A9B01725F85B00B48D7F /* RMMapViewAnnotation.m in Sources */,
				AAACB54717287DC30088B73D /* RMTwitterSDK.m in Sources */,
				AA2DA26E174AC4CD00B9438B /* RMSettingsViewController.m in Sources */,
				2815CD561730486200AC25C1 /* RMFacebookSDK.m in Sources */,
				28513F1F1754534A00157438 /* RMInstaDetailViewController.m in Sources */,
				2890AA661756C42E00B9E182 /* RMFSDetailViewController.m in Sources */,
				2890AA6A1756D01000B9E182 /* MBProgressHUD.m in Sources */,
			);
			runOnlyForDeploymentPostprocessing = 0;
		};
/* End PBXSourcesBuildPhase section */

/* Begin PBXVariantGroup section */
		280E87D71725D38900A152DD /* InfoPlist.strings */ = {
			isa = PBXVariantGroup;
			children = (
				280E87D81725D38900A152DD /* en */,
			);
			name = InfoPlist.strings;
			sourceTree = "<group>";
		};
		280E87E91725D38900A152DD /* RMViewController.xib */ = {
			isa = PBXVariantGroup;
			children = (
				280E87EA1725D38900A152DD /* en */,
			);
			name = RMViewController.xib;
			sourceTree = "<group>";
		};
/* End PBXVariantGroup section */

/* Begin XCBuildConfiguration section */
		280E87EC1725D38900A152DD /* Debug */ = {
			isa = XCBuildConfiguration;
			buildSettings = {
				ALWAYS_SEARCH_USER_PATHS = NO;
				CLANG_CXX_LANGUAGE_STANDARD = "gnu++0x";
				CLANG_CXX_LIBRARY = "libc++";
				CLANG_ENABLE_OBJC_ARC = YES;
				CLANG_WARN_EMPTY_BODY = YES;
				CLANG_WARN__DUPLICATE_METHOD_MATCH = YES;
				"CODE_SIGN_IDENTITY[sdk=iphoneos*]" = "iPhone Developer";
				COPY_PHASE_STRIP = NO;
				GCC_C_LANGUAGE_STANDARD = gnu99;
				GCC_DYNAMIC_NO_PIC = NO;
				GCC_OPTIMIZATION_LEVEL = 0;
				GCC_PREPROCESSOR_DEFINITIONS = (
					"DEBUG=1",
					"$(inherited)",
				);
				GCC_SYMBOLS_PRIVATE_EXTERN = NO;
				GCC_WARN_ABOUT_RETURN_TYPE = YES;
				GCC_WARN_UNINITIALIZED_AUTOS = YES;
				GCC_WARN_UNUSED_VARIABLE = YES;
				IPHONEOS_DEPLOYMENT_TARGET = 6.0;
				ONLY_ACTIVE_ARCH = YES;
				SDKROOT = iphoneos;
			};
			name = Debug;
		};
		280E87ED1725D38900A152DD /* Release */ = {
			isa = XCBuildConfiguration;
			buildSettings = {
				ALWAYS_SEARCH_USER_PATHS = NO;
				CLANG_CXX_LANGUAGE_STANDARD = "gnu++0x";
				CLANG_CXX_LIBRARY = "libc++";
				CLANG_ENABLE_OBJC_ARC = YES;
				CLANG_WARN_EMPTY_BODY = YES;
				CLANG_WARN__DUPLICATE_METHOD_MATCH = YES;
				"CODE_SIGN_IDENTITY[sdk=iphoneos*]" = "iPhone Developer";
				COPY_PHASE_STRIP = YES;
				GCC_C_LANGUAGE_STANDARD = gnu99;
				GCC_WARN_ABOUT_RETURN_TYPE = YES;
				GCC_WARN_UNINITIALIZED_AUTOS = YES;
				GCC_WARN_UNUSED_VARIABLE = YES;
				IPHONEOS_DEPLOYMENT_TARGET = 6.0;
				OTHER_CFLAGS = "-DNS_BLOCK_ASSERTIONS=1";
				SDKROOT = iphoneos;
				VALIDATE_PRODUCT = YES;
			};
			name = Release;
		};
		280E87EF1725D38900A152DD /* Debug */ = {
			isa = XCBuildConfiguration;
			baseConfigurationReference = A649A159EDC24B0BA1886337 /* Pods.xcconfig */;
			buildSettings = {
				GCC_PRECOMPILE_PREFIX_HEADER = YES;
				GCC_PREFIX_HEADER = "NearStuffMap/NearStuffMap-Prefix.pch";
				INFOPLIST_FILE = "NearStuffMap/NearStuffMap-Info.plist";
				PRODUCT_NAME = "$(TARGET_NAME)";
				WRAPPER_EXTENSION = app;
			};
			name = Debug;
		};
		280E87F01725D38900A152DD /* Release */ = {
			isa = XCBuildConfiguration;
			baseConfigurationReference = A649A159EDC24B0BA1886337 /* Pods.xcconfig */;
			buildSettings = {
				GCC_PRECOMPILE_PREFIX_HEADER = YES;
				GCC_PREFIX_HEADER = "NearStuffMap/NearStuffMap-Prefix.pch";
				INFOPLIST_FILE = "NearStuffMap/NearStuffMap-Info.plist";
				PRODUCT_NAME = "$(TARGET_NAME)";
				WRAPPER_EXTENSION = app;
			};
			name = Release;
		};
/* End XCBuildConfiguration section */

/* Begin XCConfigurationList section */
		280E87C41725D38900A152DD /* Build configuration list for PBXProject "NearStuffMap" */ = {
			isa = XCConfigurationList;
			buildConfigurations = (
				280E87EC1725D38900A152DD /* Debug */,
				280E87ED1725D38900A152DD /* Release */,
			);
			defaultConfigurationIsVisible = 0;
			defaultConfigurationName = Release;
		};
		280E87EE1725D38900A152DD /* Build configuration list for PBXNativeTarget "NearStuffMap" */ = {
			isa = XCConfigurationList;
			buildConfigurations = (
				280E87EF1725D38900A152DD /* Debug */,
				280E87F01725D38900A152DD /* Release */,
			);
			defaultConfigurationIsVisible = 0;
			defaultConfigurationName = Release;
		};
/* End XCConfigurationList section */
	};
	rootObject = 280E87C11725D38900A152DD /* Project object */;
}
